// !$*UTF8*$!
{
	archiveVersion = 1;
	classes = {
	};
	objectVersion = 50;
	objects = {

/* Begin PBXBuildFile section */
		C6AA674D2406047A0092CA4B /* AppDelegate.swift in Sources */ = {isa = PBXBuildFile; fileRef = C6AA674C2406047A0092CA4B /* AppDelegate.swift */; };
		C6AA67522406047A0092CA4B /* Main.storyboard in Resources */ = {isa = PBXBuildFile; fileRef = C6AA67502406047A0092CA4B /* Main.storyboard */; };
		C6AA67542406047C0092CA4B /* Assets.xcassets in Resources */ = {isa = PBXBuildFile; fileRef = C6AA67532406047C0092CA4B /* Assets.xcassets */; };
		C6AA67572406047C0092CA4B /* LaunchScreen.storyboard in Resources */ = {isa = PBXBuildFile; fileRef = C6AA67552406047C0092CA4B /* LaunchScreen.storyboard */; };
		C6AA67622406047C0092CA4B /* Je2Tests.swift in Sources */ = {isa = PBXBuildFile; fileRef = C6AA67612406047C0092CA4B /* Je2Tests.swift */; };
		C6AA676D2406047C0092CA4B /* Je2UITests.swift in Sources */ = {isa = PBXBuildFile; fileRef = C6AA676C2406047C0092CA4B /* Je2UITests.swift */; };
		C6D7E2862406119B00E58B3E /* AppConstants.swift in Sources */ = {isa = PBXBuildFile; fileRef = C6D7E2852406119B00E58B3E /* AppConstants.swift */; };
		C6D7E288240611AC00E58B3E /* APIManager.swift in Sources */ = {isa = PBXBuildFile; fileRef = C6D7E287240611AC00E58B3E /* APIManager.swift */; };
		C6D7E28A2406128600E58B3E /* HomeFeedViewController.swift in Sources */ = {isa = PBXBuildFile; fileRef = C6D7E2892406128600E58B3E /* HomeFeedViewController.swift */; };
		C6D7E28E240613E700E58B3E /* HomeFeed.swift in Sources */ = {isa = PBXBuildFile; fileRef = C6D7E28D240613E700E58B3E /* HomeFeed.swift */; };
/* End PBXBuildFile section */

/* Begin PBXContainerItemProxy section */
		C6AA675E2406047C0092CA4B /* PBXContainerItemProxy */ = {
			isa = PBXContainerItemProxy;
			containerPortal = C6AA67412406047A0092CA4B /* Project object */;
			proxyType = 1;
			remoteGlobalIDString = C6AA67482406047A0092CA4B;
			remoteInfo = Je2;
		};
		C6AA67692406047C0092CA4B /* PBXContainerItemProxy */ = {
			isa = PBXContainerItemProxy;
			containerPortal = C6AA67412406047A0092CA4B /* Project object */;
			proxyType = 1;
			remoteGlobalIDString = C6AA67482406047A0092CA4B;
			remoteInfo = Je2;
		};
/* End PBXContainerItemProxy section */

/* Begin PBXFileReference section */
		C6AA67492406047A0092CA4B /* Je2.app */ = {isa = PBXFileReference; explicitFileType = wrapper.application; includeInIndex = 0; path = Je2.app; sourceTree = BUILT_PRODUCTS_DIR; };
		C6AA674C2406047A0092CA4B /* AppDelegate.swift */ = {isa = PBXFileReference; lastKnownFileType = sourcecode.swift; path = AppDelegate.swift; sourceTree = "<group>"; };
		C6AA67512406047A0092CA4B /* Base */ = {isa = PBXFileReference; lastKnownFileType = file.storyboard; name = Base; path = Base.lproj/Main.storyboard; sourceTree = "<group>"; };
		C6AA67532406047C0092CA4B /* Assets.xcassets */ = {isa = PBXFileReference; lastKnownFileType = folder.assetcatalog; path = Assets.xcassets; sourceTree = "<group>"; };
		C6AA67562406047C0092CA4B /* Base */ = {isa = PBXFileReference; lastKnownFileType = file.storyboard; name = Base; path = Base.lproj/LaunchScreen.storyboard; sourceTree = "<group>"; };
		C6AA67582406047C0092CA4B /* Info.plist */ = {isa = PBXFileReference; lastKnownFileType = text.plist.xml; path = Info.plist; sourceTree = "<group>"; };
		C6AA675D2406047C0092CA4B /* Je2Tests.xctest */ = {isa = PBXFileReference; explicitFileType = wrapper.cfbundle; includeInIndex = 0; path = Je2Tests.xctest; sourceTree = BUILT_PRODUCTS_DIR; };
		C6AA67612406047C0092CA4B /* Je2Tests.swift */ = {isa = PBXFileReference; lastKnownFileType = sourcecode.swift; path = Je2Tests.swift; sourceTree = "<group>"; };
		C6AA67632406047C0092CA4B /* Info.plist */ = {isa = PBXFileReference; lastKnownFileType = text.plist.xml; path = Info.plist; sourceTree = "<group>"; };
		C6AA67682406047C0092CA4B /* Je2UITests.xctest */ = {isa = PBXFileReference; explicitFileType = wrapper.cfbundle; includeInIndex = 0; path = Je2UITests.xctest; sourceTree = BUILT_PRODUCTS_DIR; };
		C6AA676C2406047C0092CA4B /* Je2UITests.swift */ = {isa = PBXFileReference; lastKnownFileType = sourcecode.swift; path = Je2UITests.swift; sourceTree = "<group>"; };
		C6AA676E2406047C0092CA4B /* Info.plist */ = {isa = PBXFileReference; lastKnownFileType = text.plist.xml; path = Info.plist; sourceTree = "<group>"; };
		C6D7E2852406119B00E58B3E /* AppConstants.swift */ = {isa = PBXFileReference; lastKnownFileType = sourcecode.swift; path = AppConstants.swift; sourceTree = "<group>"; };
		C6D7E287240611AC00E58B3E /* APIManager.swift */ = {isa = PBXFileReference; lastKnownFileType = sourcecode.swift; path = APIManager.swift; sourceTree = "<group>"; };
		C6D7E2892406128600E58B3E /* HomeFeedViewController.swift */ = {isa = PBXFileReference; lastKnownFileType = sourcecode.swift; path = HomeFeedViewController.swift; sourceTree = "<group>"; };
		C6D7E28D240613E700E58B3E /* HomeFeed.swift */ = {isa = PBXFileReference; lastKnownFileType = sourcecode.swift; path = HomeFeed.swift; sourceTree = "<group>"; };
/* End PBXFileReference section */

/* Begin PBXFrameworksBuildPhase section */
		C6AA67462406047A0092CA4B /* Frameworks */ = {
			isa = PBXFrameworksBuildPhase;
			buildActionMask = 2147483647;
			files = (
			);
			runOnlyForDeploymentPostprocessing = 0;
		};
		C6AA675A2406047C0092CA4B /* Frameworks */ = {
			isa = PBXFrameworksBuildPhase;
			buildActionMask = 2147483647;
			files = (
			);
			runOnlyForDeploymentPostprocessing = 0;
		};
		C6AA67652406047C0092CA4B /* Frameworks */ = {
			isa = PBXFrameworksBuildPhase;
			buildActionMask = 2147483647;
			files = (
			);
			runOnlyForDeploymentPostprocessing = 0;
		};
/* End PBXFrameworksBuildPhase section */

/* Begin PBXGroup section */
		C6AA67402406047A0092CA4B = {
			isa = PBXGroup;
			children = (
				C6AA674B2406047A0092CA4B /* Je2 */,
				C6AA67602406047C0092CA4B /* Je2Tests */,
				C6AA676B2406047C0092CA4B /* Je2UITests */,
				C6AA674A2406047A0092CA4B /* Products */,
			);
			sourceTree = "<group>";
		};
		C6AA674A2406047A0092CA4B /* Products */ = {
			isa = PBXGroup;
			children = (
				C6AA67492406047A0092CA4B /* Je2.app */,
				C6AA675D2406047C0092CA4B /* Je2Tests.xctest */,
				C6AA67682406047C0092CA4B /* Je2UITests.xctest */,
			);
			name = Products;
			sourceTree = "<group>";
		};
		C6AA674B2406047A0092CA4B /* Je2 */ = {
			isa = PBXGroup;
			children = (
				C6D7E28B240613AE00E58B3E /* AppDelegate */,
				C6D7E28C240613C500E58B3E /* HomeFeed */,
				C6AA67502406047A0092CA4B /* Main.storyboard */,
				C6D7E2832406116900E58B3E /* Common */,
				C6D7E2842406117200E58B3E /* Network Manager */,
				C6AA67532406047C0092CA4B /* Assets.xcassets */,
				C6AA67552406047C0092CA4B /* LaunchScreen.storyboard */,
				C6AA67582406047C0092CA4B /* Info.plist */,
			);
			path = Je2;
			sourceTree = "<group>";
		};
		C6AA67602406047C0092CA4B /* Je2Tests */ = {
			isa = PBXGroup;
			children = (
				C6AA67612406047C0092CA4B /* Je2Tests.swift */,
				C6AA67632406047C0092CA4B /* Info.plist */,
			);
			path = Je2Tests;
			sourceTree = "<group>";
		};
		C6AA676B2406047C0092CA4B /* Je2UITests */ = {
			isa = PBXGroup;
			children = (
				C6AA676C2406047C0092CA4B /* Je2UITests.swift */,
				C6AA676E2406047C0092CA4B /* Info.plist */,
			);
			path = Je2UITests;
			sourceTree = "<group>";
		};
		C6D7E2832406116900E58B3E /* Common */ = {
			isa = PBXGroup;
			children = (
				C6D7E2852406119B00E58B3E /* AppConstants.swift */,
			);
			path = Common;
			sourceTree = "<group>";
		};
		C6D7E2842406117200E58B3E /* Network Manager */ = {
			isa = PBXGroup;
			children = (
				C6D7E287240611AC00E58B3E /* APIManager.swift */,
			);
			path = "Network Manager";
			sourceTree = "<group>";
		};
		C6D7E28B240613AE00E58B3E /* AppDelegate */ = {
			isa = PBXGroup;
			children = (
				C6AA674C2406047A0092CA4B /* AppDelegate.swift */,
			);
			path = AppDelegate;
			sourceTree = "<group>";
		};
		C6D7E28C240613C500E58B3E /* HomeFeed */ = {
			isa = PBXGroup;
			children = (
				C6D7E2892406128600E58B3E /* HomeFeedViewController.swift */,
				C6D7E28D240613E700E58B3E /* HomeFeed.swift */,
			);
			path = HomeFeed;
			sourceTree = "<group>";
		};
/* End PBXGroup section */

/* Begin PBXNativeTarget section */
		C6AA67482406047A0092CA4B /* Je2 */ = {
			isa = PBXNativeTarget;
			buildConfigurationList = C6AA67712406047C0092CA4B /* Build configuration list for PBXNativeTarget "Je2" */;
			buildPhases = (
				C6AA67452406047A0092CA4B /* Sources */,
				C6AA67462406047A0092CA4B /* Frameworks */,
				C6AA67472406047A0092CA4B /* Resources */,
			);
			buildRules = (
			);
			dependencies = (
			);
			name = Je2;
			productName = Je2;
			productReference = C6AA67492406047A0092CA4B /* Je2.app */;
			productType = "com.apple.product-type.application";
		};
		C6AA675C2406047C0092CA4B /* Je2Tests */ = {
			isa = PBXNativeTarget;
			buildConfigurationList = C6AA67742406047C0092CA4B /* Build configuration list for PBXNativeTarget "Je2Tests" */;
			buildPhases = (
				C6AA67592406047C0092CA4B /* Sources */,
				C6AA675A2406047C0092CA4B /* Frameworks */,
				C6AA675B2406047C0092CA4B /* Resources */,
			);
			buildRules = (
			);
			dependencies = (
				C6AA675F2406047C0092CA4B /* PBXTargetDependency */,
			);
			name = Je2Tests;
			productName = Je2Tests;
			productReference = C6AA675D2406047C0092CA4B /* Je2Tests.xctest */;
			productType = "com.apple.product-type.bundle.unit-test";
		};
		C6AA67672406047C0092CA4B /* Je2UITests */ = {
			isa = PBXNativeTarget;
			buildConfigurationList = C6AA67772406047C0092CA4B /* Build configuration list for PBXNativeTarget "Je2UITests" */;
			buildPhases = (
				C6AA67642406047C0092CA4B /* Sources */,
				C6AA67652406047C0092CA4B /* Frameworks */,
				C6AA67662406047C0092CA4B /* Resources */,
			);
			buildRules = (
			);
			dependencies = (
				C6AA676A2406047C0092CA4B /* PBXTargetDependency */,
			);
			name = Je2UITests;
			productName = Je2UITests;
			productReference = C6AA67682406047C0092CA4B /* Je2UITests.xctest */;
			productType = "com.apple.product-type.bundle.ui-testing";
		};
/* End PBXNativeTarget section */

/* Begin PBXProject section */
		C6AA67412406047A0092CA4B /* Project object */ = {
			isa = PBXProject;
			attributes = {
				LastSwiftUpdateCheck = 1030;
				LastUpgradeCheck = 1030;
				ORGANIZATIONNAME = "Rohit Karyappa";
				TargetAttributes = {
					C6AA67482406047A0092CA4B = {
						CreatedOnToolsVersion = 10.3;
					};
					C6AA675C2406047C0092CA4B = {
						CreatedOnToolsVersion = 10.3;
						TestTargetID = C6AA67482406047A0092CA4B;
					};
					C6AA67672406047C0092CA4B = {
						CreatedOnToolsVersion = 10.3;
						TestTargetID = C6AA67482406047A0092CA4B;
					};
				};
			};
			buildConfigurationList = C6AA67442406047A0092CA4B /* Build configuration list for PBXProject "Je2" */;
			compatibilityVersion = "Xcode 9.3";
			developmentRegion = en;
			hasScannedForEncodings = 0;
			knownRegions = (
				en,
				Base,
			);
			mainGroup = C6AA67402406047A0092CA4B;
			productRefGroup = C6AA674A2406047A0092CA4B /* Products */;
			projectDirPath = "";
			projectRoot = "";
			targets = (
				C6AA67482406047A0092CA4B /* Je2 */,
				C6AA675C2406047C0092CA4B /* Je2Tests */,
				C6AA67672406047C0092CA4B /* Je2UITests */,
			);
		};
/* End PBXProject section */

/* Begin PBXResourcesBuildPhase section */
		C6AA67472406047A0092CA4B /* Resources */ = {
			isa = PBXResourcesBuildPhase;
			buildActionMask = 2147483647;
			files = (
				C6AA67572406047C0092CA4B /* LaunchScreen.storyboard in Resources */,
				C6AA67542406047C0092CA4B /* Assets.xcassets in Resources */,
				C6AA67522406047A0092CA4B /* Main.storyboard in Resources */,
			);
			runOnlyForDeploymentPostprocessing = 0;
		};
		C6AA675B2406047C0092CA4B /* Resources */ = {
			isa = PBXResourcesBuildPhase;
			buildActionMask = 2147483647;
			files = (
			);
			runOnlyForDeploymentPostprocessing = 0;
		};
		C6AA67662406047C0092CA4B /* Resources */ = {
			isa = PBXResourcesBuildPhase;
			buildActionMask = 2147483647;
			files = (
			);
			runOnlyForDeploymentPostprocessing = 0;
		};
/* End PBXResourcesBuildPhase section */

/* Begin PBXSourcesBuildPhase section */
		C6AA67452406047A0092CA4B /* Sources */ = {
			isa = PBXSourcesBuildPhase;
			buildActionMask = 2147483647;
			files = (
				C6D7E288240611AC00E58B3E /* APIManager.swift in Sources */,
				C6D7E2862406119B00E58B3E /* AppConstants.swift in Sources */,
				C6AA674D2406047A0092CA4B /* AppDelegate.swift in Sources */,
				C6D7E28E240613E700E58B3E /* HomeFeed.swift in Sources */,
				C6D7E28A2406128600E58B3E /* HomeFeedViewController.swift in Sources */,
			);
			runOnlyForDeploymentPostprocessing = 0;
		};
		C6AA67592406047C0092CA4B /* Sources */ = {
			isa = PBXSourcesBuildPhase;
			buildActionMask = 2147483647;
			files = (
				C6AA67622406047C0092CA4B /* Je2Tests.swift in Sources */,
			);
			runOnlyForDeploymentPostprocessing = 0;
		};
		C6AA67642406047C0092CA4B /* Sources */ = {
			isa = PBXSourcesBuildPhase;
			buildActionMask = 2147483647;
			files = (
				C6AA676D2406047C0092CA4B /* Je2UITests.swift in Sources */,
			);
			runOnlyForDeploymentPostprocessing = 0;
		};
/* End PBXSourcesBuildPhase section */

/* Begin PBXTargetDependency section */
		C6AA675F2406047C0092CA4B /* PBXTargetDependency */ = {
			isa = PBXTargetDependency;
			target = C6AA67482406047A0092CA4B /* Je2 */;
			targetProxy = C6AA675E2406047C0092CA4B /* PBXContainerItemProxy */;
		};
		C6AA676A2406047C0092CA4B /* PBXTargetDependency */ = {
			isa = PBXTargetDependency;
			target = C6AA67482406047A0092CA4B /* Je2 */;
			targetProxy = C6AA67692406047C0092CA4B /* PBXContainerItemProxy */;
		};
/* End PBXTargetDependency section */

/* Begin PBXVariantGroup section */
		C6AA67502406047A0092CA4B /* Main.storyboard */ = {
			isa = PBXVariantGroup;
			children = (
				C6AA67512406047A0092CA4B /* Base */,
			);
			name = Main.storyboard;
			sourceTree = "<group>";
		};
		C6AA67552406047C0092CA4B /* LaunchScreen.storyboard */ = {
			isa = PBXVariantGroup;
			children = (
				C6AA67562406047C0092CA4B /* Base */,
			);
			name = LaunchScreen.storyboard;
			sourceTree = "<group>";
		};
/* End PBXVariantGroup section */

/* Begin XCBuildConfiguration section */
		C6AA676F2406047C0092CA4B /* Debug */ = {
			isa = XCBuildConfiguration;
			buildSettings = {
				ALWAYS_SEARCH_USER_PATHS = NO;
				CLANG_ANALYZER_NONNULL = YES;
				CLANG_ANALYZER_NUMBER_OBJECT_CONVERSION = YES_AGGRESSIVE;
				CLANG_CXX_LANGUAGE_STANDARD = "gnu++14";
				CLANG_CXX_LIBRARY = "libc++";
				CLANG_ENABLE_MODULES = YES;
				CLANG_ENABLE_OBJC_ARC = YES;
				CLANG_ENABLE_OBJC_WEAK = YES;
				CLANG_WARN_BLOCK_CAPTURE_AUTORELEASING = YES;
				CLANG_WARN_BOOL_CONVERSION = YES;
				CLANG_WARN_COMMA = YES;
				CLANG_WARN_CONSTANT_CONVERSION = YES;
				CLANG_WARN_DEPRECATED_OBJC_IMPLEMENTATIONS = YES;
				CLANG_WARN_DIRECT_OBJC_ISA_USAGE = YES_ERROR;
				CLANG_WARN_DOCUMENTATION_COMMENTS = YES;
				CLANG_WARN_EMPTY_BODY = YES;
				CLANG_WARN_ENUM_CONVERSION = YES;
				CLANG_WARN_INFINITE_RECURSION = YES;
				CLANG_WARN_INT_CONVERSION = YES;
				CLANG_WARN_NON_LITERAL_NULL_CONVERSION = YES;
				CLANG_WARN_OBJC_IMPLICIT_RETAIN_SELF = YES;
				CLANG_WARN_OBJC_LITERAL_CONVERSION = YES;
				CLANG_WARN_OBJC_ROOT_CLASS = YES_ERROR;
				CLANG_WARN_RANGE_LOOP_ANALYSIS = YES;
				CLANG_WARN_STRICT_PROTOTYPES = YES;
				CLANG_WARN_SUSPICIOUS_MOVE = YES;
				CLANG_WARN_UNGUARDED_AVAILABILITY = YES_AGGRESSIVE;
				CLANG_WARN_UNREACHABLE_CODE = YES;
				CLANG_WARN__DUPLICATE_METHOD_MATCH = YES;
				CODE_SIGN_IDENTITY = "iPhone Developer";
				COPY_PHASE_STRIP = NO;
				DEBUG_INFORMATION_FORMAT = dwarf;
				ENABLE_STRICT_OBJC_MSGSEND = YES;
				ENABLE_TESTABILITY = YES;
				GCC_C_LANGUAGE_STANDARD = gnu11;
				GCC_DYNAMIC_NO_PIC = NO;
				GCC_NO_COMMON_BLOCKS = YES;
				GCC_OPTIMIZATION_LEVEL = 0;
				GCC_PREPROCESSOR_DEFINITIONS = (
					"DEBUG=1",
					"$(inherited)",
				);
				GCC_WARN_64_TO_32_BIT_CONVERSION = YES;
				GCC_WARN_ABOUT_RETURN_TYPE = YES_ERROR;
				GCC_WARN_UNDECLARED_SELECTOR = YES;
				GCC_WARN_UNINITIALIZED_AUTOS = YES_AGGRESSIVE;
				GCC_WARN_UNUSED_FUNCTION = YES;
				GCC_WARN_UNUSED_VARIABLE = YES;
				IPHONEOS_DEPLOYMENT_TARGET = 12.4;
				MTL_ENABLE_DEBUG_INFO = INCLUDE_SOURCE;
				MTL_FAST_MATH = YES;
				ONLY_ACTIVE_ARCH = YES;
				SDKROOT = iphoneos;
				SWIFT_ACTIVE_COMPILATION_CONDITIONS = DEBUG;
				SWIFT_OPTIMIZATION_LEVEL = "-Onone";
			};
			name = Debug;
		};
		C6AA67702406047C0092CA4B /* Release */ = {
			isa = XCBuildConfiguration;
			buildSettings = {
				ALWAYS_SEARCH_USER_PATHS = NO;
				CLANG_ANALYZER_NONNULL = YES;
				CLANG_ANALYZER_NUMBER_OBJECT_CONVERSION = YES_AGGRESSIVE;
				CLANG_CXX_LANGUAGE_STANDARD = "gnu++14";
				CLANG_CXX_LIBRARY = "libc++";
				CLANG_ENABLE_MODULES = YES;
				CLANG_ENABLE_OBJC_ARC = YES;
				CLANG_ENABLE_OBJC_WEAK = YES;
				CLANG_WARN_BLOCK_CAPTURE_AUTORELEASING = YES;
				CLANG_WARN_BOOL_CONVERSION = YES;
				CLANG_WARN_COMMA = YES;
				CLANG_WARN_CONSTANT_CONVERSION = YES;
				CLANG_WARN_DEPRECATED_OBJC_IMPLEMENTATIONS = YES;
				CLANG_WARN_DIRECT_OBJC_ISA_USAGE = YES_ERROR;
				CLANG_WARN_DOCUMENTATION_COMMENTS = YES;
				CLANG_WARN_EMPTY_BODY = YES;
				CLANG_WARN_ENUM_CONVERSION = YES;
				CLANG_WARN_INFINITE_RECURSION = YES;
				CLANG_WARN_INT_CONVERSION = YES;
				CLANG_WARN_NON_LITERAL_NULL_CONVERSION = YES;
				CLANG_WARN_OBJC_IMPLICIT_RETAIN_SELF = YES;
				CLANG_WARN_OBJC_LITERAL_CONVERSION = YES;
				CLANG_WARN_OBJC_ROOT_CLASS = YES_ERROR;
				CLANG_WARN_RANGE_LOOP_ANALYSIS = YES;
				CLANG_WARN_STRICT_PROTOTYPES = YES;
				CLANG_WARN_SUSPICIOUS_MOVE = YES;
				CLANG_WARN_UNGUARDED_AVAILABILITY = YES_AGGRESSIVE;
				CLANG_WARN_UNREACHABLE_CODE = YES;
				CLANG_WARN__DUPLICATE_METHOD_MATCH = YES;
				CODE_SIGN_IDENTITY = "iPhone Developer";
				COPY_PHASE_STRIP = NO;
				DEBUG_INFORMATION_FORMAT = "dwarf-with-dsym";
				ENABLE_NS_ASSERTIONS = NO;
				ENABLE_STRICT_OBJC_MSGSEND = YES;
				GCC_C_LANGUAGE_STANDARD = gnu11;
				GCC_NO_COMMON_BLOCKS = YES;
				GCC_WARN_64_TO_32_BIT_CONVERSION = YES;
				GCC_WARN_ABOUT_RETURN_TYPE = YES_ERROR;
				GCC_WARN_UNDECLARED_SELECTOR = YES;
				GCC_WARN_UNINITIALIZED_AUTOS = YES_AGGRESSIVE;
				GCC_WARN_UNUSED_FUNCTION = YES;
				GCC_WARN_UNUSED_VARIABLE = YES;
				IPHONEOS_DEPLOYMENT_TARGET = 12.4;
				MTL_ENABLE_DEBUG_INFO = NO;
				MTL_FAST_MATH = YES;
				SDKROOT = iphoneos;
				SWIFT_COMPILATION_MODE = wholemodule;
				SWIFT_OPTIMIZATION_LEVEL = "-O";
				VALIDATE_PRODUCT = YES;
			};
			name = Release;
		};
		C6AA67722406047C0092CA4B /* Debug */ = {
			isa = XCBuildConfiguration;
			buildSettings = {
				ASSETCATALOG_COMPILER_APPICON_NAME = AppIcon;
				CODE_SIGN_STYLE = Manual;
				DEVELOPMENT_TEAM = "";
				INFOPLIST_FILE = Je2/Info.plist;
				LD_RUNPATH_SEARCH_PATHS = (
					"$(inherited)",
					"@executable_path/Frameworks",
				);
				PRODUCT_BUNDLE_IDENTIFIER = Jet2Travel.Je2;
				PRODUCT_NAME = "$(TARGET_NAME)";
				PROVISIONING_PROFILE_SPECIFIER = "";
				SWIFT_VERSION = 5.0;
				TARGETED_DEVICE_FAMILY = "1,2";
			};
			name = Debug;
		};
		C6AA67732406047C0092CA4B /* Release */ = {
			isa = XCBuildConfiguration;
			buildSettings = {
				ASSETCATALOG_COMPILER_APPICON_NAME = AppIcon;
				CODE_SIGN_STYLE = Manual;
				DEVELOPMENT_TEAM = "";
				INFOPLIST_FILE = Je2/Info.plist;
				LD_RUNPATH_SEARCH_PATHS = (
					"$(inherited)",
					"@executable_path/Frameworks",
				);
				PRODUCT_BUNDLE_IDENTIFIER = Jet2Travel.Je2;
				PRODUCT_NAME = "$(TARGET_NAME)";
				PROVISIONING_PROFILE_SPECIFIER = "";
				SWIFT_VERSION = 5.0;
				TARGETED_DEVICE_FAMILY = "1,2";
			};
			name = Release;
		};
		C6AA67752406047C0092CA4B /* Debug */ = {
			isa = XCBuildConfiguration;
			buildSettings = {
				ALWAYS_EMBED_SWIFT_STANDARD_LIBRARIES = YES;
				BUNDLE_LOADER = "$(TEST_HOST)";
				CODE_SIGN_STYLE = Automatic;
				INFOPLIST_FILE = Je2Tests/Info.plist;
				LD_RUNPATH_SEARCH_PATHS = (
					"$(inherited)",
					"@executable_path/Frameworks",
					"@loader_path/Frameworks",
				);
				PRODUCT_BUNDLE_IDENTIFIER = Jet2Travel.Je2Tests;
				PRODUCT_NAME = "$(TARGET_NAME)";
				SWIFT_VERSION = 5.0;
				TARGETED_DEVICE_FAMILY = "1,2";
				TEST_HOST = "$(BUILT_PRODUCTS_DIR)/Je2.app/Je2";
			};
			name = Debug;
		};
		C6AA67762406047C0092CA4B /* Release */ = {
			isa = XCBuildConfiguration;
			buildSettings = {
				ALWAYS_EMBED_SWIFT_STANDARD_LIBRARIES = YES;
				BUNDLE_LOADER = "$(TEST_HOST)";
				CODE_SIGN_STYLE = Automatic;
				INFOPLIST_FILE = Je2Tests/Info.plist;
				LD_RUNPATH_SEARCH_PATHS = (
					"$(inherited)",
					"@executable_path/Frameworks",
					"@loader_path/Frameworks",
				);
				PRODUCT_BUNDLE_IDENTIFIER = Jet2Travel.Je2Tests;
				PRODUCT_NAME = "$(TARGET_NAME)";
				SWIFT_VERSION = 5.0;
				TARGETED_DEVICE_FAMILY = "1,2";
				TEST_HOST = "$(BUILT_PRODUCTS_DIR)/Je2.app/Je2";
			};
			name = Release;
		};
		C6AA67782406047C0092CA4B /* Debug */ = {
			isa = XCBuildConfiguration;
			buildSettings = {
				ALWAYS_EMBED_SWIFT_STANDARD_LIBRARIES = YES;
				CODE_SIGN_STYLE = Automatic;
				INFOPLIST_FILE = Je2UITests/Info.plist;
				LD_RUNPATH_SEARCH_PATHS = (
					"$(inherited)",
					"@executable_path/Frameworks",
					"@loader_path/Frameworks",
				);
				PRODUCT_BUNDLE_IDENTIFIER = Jet2Travel.Je2UITests;
				PRODUCT_NAME = "$(TARGET_NAME)";
				SWIFT_VERSION = 5.0;
				TARGETED_DEVICE_FAMILY = "1,2";
				TEST_TARGET_NAME = Je2;
			};
			name = Debug;
		};
		C6AA67792406047C0092CA4B /* Release */ = {
			isa = XCBuildConfiguration;
			buildSettings = {
				ALWAYS_EMBED_SWIFT_STANDARD_LIBRARIES = YES;
				CODE_SIGN_STYLE = Automatic;
				INFOPLIST_FILE = Je2UITests/Info.plist;
				LD_RUNPATH_SEARCH_PATHS = (
					"$(inherited)",
					"@executable_path/Frameworks",
					"@loader_path/Frameworks",
				);
				PRODUCT_BUNDLE_IDENTIFIER = Jet2Travel.Je2UITests;
				PRODUCT_NAME = "$(TARGET_NAME)";
				SWIFT_VERSION = 5.0;
				TARGETED_DEVICE_FAMILY = "1,2";
				TEST_TARGET_NAME = Je2;
			};
			name = Release;
		};
/* End XCBuildConfiguration section */

/* Begin XCConfigurationList section */
		C6AA67442406047A0092CA4B /* Build configuration list for PBXProject "Je2" */ = {
			isa = XCConfigurationList;
			buildConfigurations = (
				C6AA676F2406047C0092CA4B /* Debug */,
				C6AA67702406047C0092CA4B /* Release */,
			);
			defaultConfigurationIsVisible = 0;
			defaultConfigurationName = Release;
		};
		C6AA67712406047C0092CA4B /* Build configuration list for PBXNativeTarget "Je2" */ = {
			isa = XCConfigurationList;
			buildConfigurations = (
				C6AA67722406047C0092CA4B /* Debug */,
				C6AA67732406047C0092CA4B /* Release */,
			);
			defaultConfigurationIsVisible = 0;
			defaultConfigurationName = Release;
		};
		C6AA67742406047C0092CA4B /* Build configuration list for PBXNativeTarget "Je2Tests" */ = {
			isa = XCConfigurationList;
			buildConfigurations = (
				C6AA67752406047C0092CA4B /* Debug */,
				C6AA67762406047C0092CA4B /* Release */,
			);
			defaultConfigurationIsVisible = 0;
			defaultConfigurationName = Release;
		};
		C6AA67772406047C0092CA4B /* Build configuration list for PBXNativeTarget "Je2UITests" */ = {
			isa = XCConfigurationList;
			buildConfigurations = (
				C6AA67782406047C0092CA4B /* Debug */,
				C6AA67792406047C0092CA4B /* Release */,
			);
			defaultConfigurationIsVisible = 0;
			defaultConfigurationName = Release;
		};
/* End XCConfigurationList section */
	};
	rootObject = C6AA67412406047A0092CA4B /* Project object */;
}
